
Microsoft Visual Studio Solution File, Format Version 12.00
# Visual Studio Version 16
VisualStudioVersion = 16.0.32228.343
MinimumVisualStudioVersion = 10.0.40219.1
Project("{FAE04EC0-301F-11D3-BF4B-00C04F79EFBC}") = "bt_19_4", "bt_19_4\bt_19_4.csproj", "{32654722-B2C3-428F-8D4F-229EFA6A0502}"
EndProject
Global
	GlobalSection(SolutionConfigurationPlatforms) = preSolution
		Debug|Any CPU = Debug|Any CPU
		Release|Any CPU = Release|Any CPU
	EndGlobalSection
	GlobalSection(ProjectConfigurationPlatforms) = postSolution
		{32654722-B2C3-428F-8D4F-229EFA6A0502}.Debug|Any CPU.ActiveCfg = Debug|Any CPU
		{32654722-B2C3-428F-8D4F-229EFA6A0502}.Debug|Any CPU.Build.0 = Debug|Any CPU
		{32654722-B2C3-428F-8D4F-229EFA6A0502}.Release|Any CPU.ActiveCfg = Release|Any CPU
		{32654722-B2C3-428F-8D4F-229EFA6A0502}.Release|Any CPU.Build.0 = Release|Any CPU
	EndGlobalSection
	GlobalSection(SolutionProperties) = preSolution
		HideSolutionNode = FALSE
	EndGlobalSection
	GlobalSection(ExtensibilityGlobals) = postSolution
		SolutionGuid = {AA60E785-448C-430C-9BBF-DB5A15DD0D63}
	EndGlobalSection
EndGlobal
