
Microsoft Visual Studio Solution File, Format Version 12.00
# Visual Studio Version 16
VisualStudioVersion = 16.0.32228.343
MinimumVisualStudioVersion = 10.0.40219.1
Project("{FAE04EC0-301F-11D3-BF4B-00C04F79EFBC}") = "BaiTap_26_4", "BaiTap_26_4\BaiTap_26_4.csproj", "{180750EE-B7E6-4C61-8ABC-7EB724E87ABE}"
EndProject
Global
	GlobalSection(SolutionConfigurationPlatforms) = preSolution
		Debug|Any CPU = Debug|Any CPU
		Release|Any CPU = Release|Any CPU
	EndGlobalSection
	GlobalSection(ProjectConfigurationPlatforms) = postSolution
		{180750EE-B7E6-4C61-8ABC-7EB724E87ABE}.Debug|Any CPU.ActiveCfg = Debug|Any CPU
		{180750EE-B7E6-4C61-8ABC-7EB724E87ABE}.Debug|Any CPU.Build.0 = Debug|Any CPU
		{180750EE-B7E6-4C61-8ABC-7EB724E87ABE}.Release|Any CPU.ActiveCfg = Release|Any CPU
		{180750EE-B7E6-4C61-8ABC-7EB724E87ABE}.Release|Any CPU.Build.0 = Release|Any CPU
	EndGlobalSection
	GlobalSection(SolutionProperties) = preSolution
		HideSolutionNode = FALSE
	EndGlobalSection
	GlobalSection(ExtensibilityGlobals) = postSolution
		SolutionGuid = {E9059DC0-23F6-4C80-A7AC-1E18DBC68FA8}
	EndGlobalSection
EndGlobal
